
Microsoft Visual Studio Solution File, Format Version 12.00
# Visual Studio Version 16
VisualStudioVersion = 16.0.29905.134
MinimumVisualStudioVersion = 10.0.40219.1
Project("{9A19103F-16F7-4668-BE54-9A1E7A4F7556}") = "Api", "Api\Api.csproj", "{9F619508-30C4-4780-993B-8C2BF57BE57C}"
EndProject
Project("{9A19103F-16F7-4668-BE54-9A1E7A4F7556}") = "Contracts", "Contracts\Contracts.csproj", "{74FD4389-C2E2-4DDE-8B9B-10D14EC524B2}"
EndProject
Project("{9A19103F-16F7-4668-BE54-9A1E7A4F7556}") = "DataAccess", "DataAccess\DataAccess.csproj", "{CB3BA667-B74E-405B-8BFC-06F6229D46B1}"
EndProject
Project("{9A19103F-16F7-4668-BE54-9A1E7A4F7556}") = "BusinessLogic", "BusinessLogic\BusinessLogic.csproj", "{EEF47840-0A31-477A-B661-DDDA89B71091}"
EndProject
Project("{9A19103F-16F7-4668-BE54-9A1E7A4F7556}") = "Api.Tests", "Api.Tests\Api.Tests.csproj", "{8CD4C7D5-2D2E-469D-97FA-CCC78F0B5878}"
EndProject
Global
	GlobalSection(SolutionConfigurationPlatforms) = preSolution
		Debug|Any CPU = Debug|Any CPU
		Release|Any CPU = Release|Any CPU
	EndGlobalSection
	GlobalSection(ProjectConfigurationPlatforms) = postSolution
		{9F619508-30C4-4780-993B-8C2BF57BE57C}.Debug|Any CPU.ActiveCfg = Debug|Any CPU
		{9F619508-30C4-4780-993B-8C2BF57BE57C}.Debug|Any CPU.Build.0 = Debug|Any CPU
		{9F619508-30C4-4780-993B-8C2BF57BE57C}.Release|Any CPU.ActiveCfg = Release|Any CPU
		{9F619508-30C4-4780-993B-8C2BF57BE57C}.Release|Any CPU.Build.0 = Release|Any CPU
		{74FD4389-C2E2-4DDE-8B9B-10D14EC524B2}.Debug|Any CPU.ActiveCfg = Debug|Any CPU
		{74FD4389-C2E2-4DDE-8B9B-10D14EC524B2}.Debug|Any CPU.Build.0 = Debug|Any CPU
		{74FD4389-C2E2-4DDE-8B9B-10D14EC524B2}.Release|Any CPU.ActiveCfg = Release|Any CPU
		{74FD4389-C2E2-4DDE-8B9B-10D14EC524B2}.Release|Any CPU.Build.0 = Release|Any CPU
		{CB3BA667-B74E-405B-8BFC-06F6229D46B1}.Debug|Any CPU.ActiveCfg = Debug|Any CPU
		{CB3BA667-B74E-405B-8BFC-06F6229D46B1}.Debug|Any CPU.Build.0 = Debug|Any CPU
		{CB3BA667-B74E-405B-8BFC-06F6229D46B1}.Release|Any CPU.ActiveCfg = Release|Any CPU
		{CB3BA667-B74E-405B-8BFC-06F6229D46B1}.Release|Any CPU.Build.0 = Release|Any CPU
		{EEF47840-0A31-477A-B661-DDDA89B71091}.Debug|Any CPU.ActiveCfg = Debug|Any CPU
		{EEF47840-0A31-477A-B661-DDDA89B71091}.Debug|Any CPU.Build.0 = Debug|Any CPU
		{EEF47840-0A31-477A-B661-DDDA89B71091}.Release|Any CPU.ActiveCfg = Release|Any CPU
		{EEF47840-0A31-477A-B661-DDDA89B71091}.Release|Any CPU.Build.0 = Release|Any CPU
		{8CD4C7D5-2D2E-469D-97FA-CCC78F0B5878}.Debug|Any CPU.ActiveCfg = Debug|Any CPU
		{8CD4C7D5-2D2E-469D-97FA-CCC78F0B5878}.Debug|Any CPU.Build.0 = Debug|Any CPU
		{8CD4C7D5-2D2E-469D-97FA-CCC78F0B5878}.Release|Any CPU.ActiveCfg = Release|Any CPU
		{8CD4C7D5-2D2E-469D-97FA-CCC78F0B5878}.Release|Any CPU.Build.0 = Release|Any CPU
	EndGlobalSection
	GlobalSection(SolutionProperties) = preSolution
		HideSolutionNode = FALSE
	EndGlobalSection
	GlobalSection(ExtensibilityGlobals) = postSolution
		SolutionGuid = {98C7DDA1-55FE-494E-AD5E-5EE91E1186B0}
	EndGlobalSection
EndGlobal
